
amdefine@>=0.0.4:
  version "1.0.1"
  resolved "https://registry.yarnpkg.com/amdefine/-/amdefine-1.0.1.tgz#4a5282ac164729e93619bcfd3ad151f817ce91f5"

ansi-align@^1.1.0:
  version "1.1.0"
  resolved "https://registry.yarnpkg.com/ansi-align/-/ansi-align-1.1.0.tgz#2f0c1658829739add5ebb15e6b0c6e3423f016ba"
  dependencies:
    string-width "^1.0.1"

ansi-escapes@^1.4.0:
  version "1.4.0"
  resolved "https://registry.yarnpkg.com/ansi-escapes/-/ansi-escapes-1.4.0.tgz#d3a8a83b319aa67793662b13e761c7911422306e"

ansi-escapes@^3.0.0:
  version "3.2.0"
  resolved "https://registry.yarnpkg.com/ansi-escapes/-/ansi-escapes-3.2.0.tgz#8780b98ff9dbf5638152d1f1fe5c1d7b4442976b"

ansi-html@0.0.7:
  version "0.0.7"
  resolved "https://registry.yarnpkg.com/ansi-html/-/ansi-html-0.0.7.tgz#813584021962a9e9e6fd039f940d12f56ca7859e"

ansi-regex@^2.0.0, ansi-regex@^2.1.1:
  version "2.1.1"
  resolved "https://registry.yarnpkg.com/ansi-regex/-/ansi-regex-2.1.1.tgz#c3b33ab5ee360d86e0e628f0468ae7ef27d654df"

ansi-regex@^3.0.0:
  version "3.0.0"
  resolved "https://registry.yarnpkg.com/ansi-regex/-/ansi-regex-3.0.0.tgz#ed0317c322064f79466c02966bddb605ab37d998"

ansi-regex@^4.1.0:
  version "4.1.0"
  resolved "https://registry.yarnpkg.com/ansi-regex/-/ansi-regex-4.1.0.tgz#8b9f8f08cf1acb843756a839ca8c7e3168c51997"

ansi-styles@^2.2.1:
  version "2.2.1"
  resolved "https://registry.yarnpkg.com/ansi-styles/-/ansi-styles-2.2.1.tgz#b432dd3358b634cf75e1e4664368240533c1ddbe"

  version "3.2.0"
  resolved "https://registry.yarnpkg.com/ansi-styles/-/ansi-styles-3.2.0.tgz#c159b8d5be0f9e5a6f346dab94f16ce022161b88"
  dependencies:
    color-convert "^1.9.0"


  version "3.2.1"
  resolved "https://registry.yarnpkg.com/ansi-styles/-/ansi-styles-3.2.1.tgz#41fbb20243e50b12be0f04b8dedbf07520ce841d"
  dependencies:
    color-convert "^1.9.0"

anymatch@^1.3.0:
  version "1.3.2"
  resolved "https://registry.yarnpkg.com/anymatch/-/anymatch-1.3.2.tgz#553dcb8f91e3c889845dfdba34c77721b90b9d7a"
  dependencies:
    micromatch "^2.1.5"
    normalize-path "^2.0.0"

append-transform@^0.4.0:
  version "0.4.0"
  resolved "https://registry.yarnpkg.com/append-transform/-/append-transform-0.4.0.tgz#d76ebf8ca94d276e247a36bad44a4b74ab611991"
  dependencies:
    default-require-extensions "^1.0.0"

aproba@^1.0.3:
  version "1.2.0"
  resolved "https://registry.yarnpkg.com/aproba/-/aproba-1.2.0.tgz#6802e6264efd18c790a1b0d517f0f2627bf2c94a"

are-we-there-yet@~1.1.2:
  version "1.1.5"
  resolved "https://registry.yarnpkg.com/are-we-there-yet/-/are-we-there-yet-1.1.5.tgz#4b35c2944f062a8bfcda66410760350fe9ddfc21"
  dependencies:
    delegates "^1.0.0"
    readable-stream "^2.0.6"

argparse@^1.0.7:
  version "1.0.9"
  resolved "https://registry.yarnpkg.com/argparse/-/argparse-1.0.9.tgz#73d83bc263f86e97f8cc4f6bae1b0e90a7d22c86"
  dependencies:
    sprintf-js "~1.0.2"

aria-query@^0.7.0:
  version "0.7.0"
  resolved "https://registry.yarnpkg.com/aria-query/-/aria-query-0.7.0.tgz#4af10a1e61573ddea0cf3b99b51c52c05b424d24"
  dependencies:
    ast-types-flow "0.0.7"

arr-diff@^2.0.0:
  version "2.0.0"
  resolved "https://registry.yarnpkg.com/arr-diff/-/arr-diff-2.0.0.tgz#8f3b827f955a8bd669697e4a4256ac3ceae356cf"
  dependencies:
    arr-flatten "^1.0.1"

arr-flatten@^1.0.1:
  version "1.1.0"
  resolved "https://registry.yarnpkg.com/arr-flatten/-/arr-flatten-1.1.0.tgz#36048bbff4e7b47e136644316c99669ea5ae91f1"

array-equal@^1.0.0:
  version "1.0.0"
  resolved "https://registry.yarnpkg.com/array-equal/-/array-equal-1.0.0.tgz#8c2a5ef2472fd9ea742b04c77a75093ba2757c93"

array-filter@~0.0.0:
  version "0.0.1"
  resolved "https://registry.yarnpkg.com/array-filter/-/array-filter-0.0.1.tgz#7da8cf2e26628ed732803581fd21f67cacd2eeec"
